
Microsoft Visual Studio Solution File, Format Version 12.00
# Visual Studio Version 16
VisualStudioVersion = 16.0.31702.278
MinimumVisualStudioVersion = 10.0.40219.1
Project("{FAE04EC0-301F-11D3-BF4B-00C04F79EFBC}") = "creatingNotepad", "creatingNotepad.csproj", "{94E0C5C9-E37A-4B04-9608-0BAD02687052}"
EndProject
Global
	GlobalSection(SolutionConfigurationPlatforms) = preSolution
		Debug|Any CPU = Debug|Any CPU
		Release|Any CPU = Release|Any CPU
	EndGlobalSection
	GlobalSection(ProjectConfigurationPlatforms) = postSolution
		{94E0C5C9-E37A-4B04-9608-0BAD02687052}.Debug|Any CPU.ActiveCfg = Debug|Any CPU
		{94E0C5C9-E37A-4B04-9608-0BAD02687052}.Debug|Any CPU.Build.0 = Debug|Any CPU
		{94E0C5C9-E37A-4B04-9608-0BAD02687052}.Release|Any CPU.ActiveCfg = Release|Any CPU
		{94E0C5C9-E37A-4B04-9608-0BAD02687052}.Release|Any CPU.Build.0 = Release|Any CPU
	EndGlobalSection
	GlobalSection(SolutionProperties) = preSolution
		HideSolutionNode = FALSE
	EndGlobalSection
	GlobalSection(ExtensibilityGlobals) = postSolution
		SolutionGuid = {2A2173B8-BEBB-4917-AE70-6C6861DF4869}
	EndGlobalSection
EndGlobal
